{
  "name": "planning-app",
  "version": "1.0.0",
  "lockfileVersion": 1,
  "requires": true,
  "dependencies": {
    "@aragon/client": {
      "version": "1.0.0-beta.7",
      "resolved": "https://registry.npmjs.org/@aragon/client/-/client-1.0.0-beta.7.tgz",
      "integrity": "sha512-pFdxCs5cvcoESNZI3SH7dvGG5fQ68YJHtt2N9/Ysl16LGz62JQw2rx1VM+UUfzEIHdlgr5BIc+kINDEdvsesJw==",
      "requires": {
        "@aragon/messenger": "1.0.0-beta.5"
      }
    },
    "@aragon/messenger": {
      "version": "1.0.0-beta.5",
      "resolved": "https://registry.npmjs.org/@aragon/messenger/-/messenger-1.0.0-beta.5.tgz",
      "integrity": "sha512-dchrtc+7Bb+hCAkHjnhotOtO0NSsd8Wccje0cItLjrLez2EV4z36z3HtKxyMiYAIMuLPqAN8CG2cHHOKa8SEOA==",
      "requires": {
        "rxjs": "5.5.8",
        "uuid": "3.2.1"
      }
    },
    "rxjs": {
      "version": "5.5.8",
      "resolved": "https://registry.npmjs.org/rxjs/-/rxjs-5.5.8.tgz",
      "integrity": "sha512-Bz7qou7VAIoGiglJZbzbXa4vpX5BmTTN2Dj/se6+SwADtw4SihqBIiEa7VmTXJ8pynvq0iFr5Gx9VLyye1rIxQ==",
      "requires": {
        "symbol-observable": "1.0.1"
      }
    },
    "symbol-observable": {
      "version": "1.0.1",
      "resolved": "https://registry.npmjs.org/symbol-observable/-/symbol-observable-1.0.1.tgz",
      "integrity": "sha1-g0D8RwLDEi310iKI+IKD9RPT/dQ="
    },
    "uuid": {
      "version": "3.2.1",
      "resolved": "https://registry.npmjs.org/uuid/-/uuid-3.2.1.tgz",
      "integrity": "sha512-jZnMwlb9Iku/O3smGWvZhauCf6cvvpKi4BKRiliS3cxnI+Gz9j5MEpTz2UFuXiKPJocb7gnsLHwiS05ige5BEA=="
    }
  }
}
