{
	"name": "@tps/apps-dot-voting",
	"version": "0.0.1",
	"lockfileVersion": 1,
	"requires": true,
	"dependencies": {
		"@aragon/api": {
			"version": "2.0.0-beta.5",
			"resolved": "https://registry.npmjs.org/@aragon/api/-/api-2.0.0-beta.5.tgz",
			"integrity": "sha512-nZOaG0XwUmVoigPz1YfW/kvNRWEk99DRU2fhU4XyyNvkW+21K2ssvRNxqRn2HFrXVjJ7xh2jPoAnDXqIw1GPlw==",
			"requires": {
				"@aragon/rpc-messenger": "^2.0.0-beta.1",
				"@babel/runtime": "^7.1.2",
				"rxjs": "^6.5.2"
			},
			"dependencies": {
				"@aragon/rpc-messenger": {
					"version": "2.0.0-beta.1",
					"resolved": "https://registry.npmjs.org/@aragon/rpc-messenger/-/rpc-messenger-2.0.0-beta.1.tgz",
					"integrity": "sha512-TJ2no/OkEifIf0lGia8r9BjRrW1xmL+49R6R+W88knmO+8+dP+fGfbCR5oW3gVHC23Df3GBuqSuKW0zBUgco8w==",
					"requires": {
						"@babel/runtime": "^7.1.2",
						"rxjs": "^6.2.1",
						"uuid": "^3.2.1"
					}
				},
				"@babel/runtime": {
					"version": "7.5.5",
					"resolved": "https://registry.npmjs.org/@babel/runtime/-/runtime-7.5.5.tgz",
					"integrity": "sha512-28QvEGyQyNkB0/m2B4FU7IEZGK2NUrcMtT6BZEFALTguLk+AUT6ofsHtPk5QyjAdUkpMJ+/Em+quwz4HOt30AQ==",
					"requires": {
						"regenerator-runtime": "^0.13.2"
					}
				},
				"regenerator-runtime": {
					"version": "0.13.3",
					"resolved": "https://registry.npmjs.org/regenerator-runtime/-/regenerator-runtime-0.13.3.tgz",
					"integrity": "sha512-naKIZz2GQ8JWh///G7L3X6LaQUAMp2lvb1rvwwsURe/VXwD6VMfr+/1NuNw3ag8v2kY1aQ/go5SNn79O9JU7yw=="
				},
				"rxjs": {
					"version": "6.5.2",
					"resolved": "https://registry.npmjs.org/rxjs/-/rxjs-6.5.2.tgz",
					"integrity": "sha512-HUb7j3kvb7p7eCUHE3FqjoDsC1xfZQ4AHFWfTKSpZ+sAhhz5X1WX0ZuUqWbzB2QhSLp3DoLUG+hMdEDKqWo2Zg==",
					"requires": {
						"tslib": "^1.9.0"
					}
				},
				"tslib": {
					"version": "1.10.0",
					"resolved": "https://registry.npmjs.org/tslib/-/tslib-1.10.0.tgz",
					"integrity": "sha512-qOebF53frne81cf0S9B41ByenJ3/IuH8yJKngAX35CmiZySA0khhkovshKK+jGCaMnVomla7gVlIcc3EvKPbTQ=="
				},
				"uuid": {
					"version": "3.3.2",
					"resolved": "https://registry.npmjs.org/uuid/-/uuid-3.3.2.tgz",
					"integrity": "sha512-yXJmeNaw3DnnKAOKJE51sL/ZaYfWJRl1pK9dr19YFCu0ObS231AB1/LbqTKRAQ5kw8A90rA6fr4riOUpTZvQZA=="
				}
			}
		},
		"@aragon/api-react": {
			"version": "2.0.0-beta.4",
			"resolved": "https://registry.npmjs.org/@aragon/api-react/-/api-react-2.0.0-beta.4.tgz",
			"integrity": "sha512-H6GQnRk6mrN2if5a+0/TW3sVlrFZlC27NFB0vPLDpcxLXQdTFsVgcKczCZcLGBJhti1PXfChpmYseT4xm7PnHg=="
		}
	}
}
