{
	"name": "@tps/apps-address-book",
	"version": "0.0.1",
	"lockfileVersion": 1,
	"requires": true,
	"dependencies": {
		"react": {
			"version": "16.5.1",
			"resolved": "https://registry.npmjs.org/react/-/react-16.5.1.tgz",
			"integrity": "sha512-E+23+rbpPsJgSX812LQkwupUCFnbVE84+L8uxlkqN5MU0DcraWMlVf9cRvKCKtGu0XvScyRnW7Z+9d7ymkjy3A==",
			"requires": {
				"loose-envify": "^1.1.0",
				"object-assign": "^4.1.1",
				"prop-types": "^15.6.2",
				"schedule": "^0.4.0"
			},
			"dependencies": {
				"js-tokens": {
					"version": "4.0.0",
					"resolved": "https://registry.npmjs.org/js-tokens/-/js-tokens-4.0.0.tgz",
					"integrity": "sha512-RdJUflcE3cUzKiMqQgsCu06FPu9UdIJO0beYbPhHN4k6apgJtifcoCtT9bcxOpYBtpD2kCM6Sbzg4CausW/PKQ=="
				},
				"loose-envify": {
					"version": "1.4.0",
					"resolved": "https://registry.npmjs.org/loose-envify/-/loose-envify-1.4.0.tgz",
					"integrity": "sha512-lyuxPGr/Wfhrlem2CL/UcnUc1zcqKAImBDzukY7Y5F/yQiNdko6+fRLevlw1HgMySw7f611UIY408EtxRSoK3Q==",
					"requires": {
						"js-tokens": "^3.0.0 || ^4.0.0"
					}
				},
				"object-assign": {
					"version": "4.1.1",
					"resolved": "https://registry.npmjs.org/object-assign/-/object-assign-4.1.1.tgz",
					"integrity": "sha1-IQmtx5ZYh8/AXLvUQsrIv7s2CGM="
				},
				"prop-types": {
					"version": "15.6.2",
					"resolved": "https://registry.npmjs.org/prop-types/-/prop-types-15.6.2.tgz",
					"integrity": "sha512-3pboPvLiWD7dkI3qf3KbUe6hKFKa52w+AE0VCqECtf+QHAKgOL37tTaNCnuX1nAAQ4ZhyP+kYVKf8rLmJ/feDQ==",
					"requires": {
						"loose-envify": "^1.3.1",
						"object-assign": "^4.1.1"
					}
				},
				"schedule": {
					"version": "0.4.0",
					"resolved": "https://registry.npmjs.org/schedule/-/schedule-0.4.0.tgz",
					"integrity": "sha512-hYjmoaEMojiMkWCxKr6ue+LYcZ29u29+AamWYmzwT2VOO9ws5UJp/wNhsVUPiUeNh+EdRfZm7nDeB40ffTfMhA==",
					"requires": {
						"object-assign": "^4.1.1"
					}
				}
			}
		},
		"react-dom": {
			"version": "16.5.1",
			"resolved": "https://registry.npmjs.org/react-dom/-/react-dom-16.5.1.tgz",
			"integrity": "sha512-l4L9GtX7ezgnDIIr6AaNvGBM4BiK0fSs4/V8bdsu9X6xqrtHr+jp6auT0hbHpN7bH9WRvDBZceWQ9WJ3lGCIvQ==",
			"requires": {
				"loose-envify": "^1.1.0",
				"object-assign": "^4.1.1",
				"prop-types": "^15.6.2",
				"schedule": "^0.4.0"
			},
			"dependencies": {
				"js-tokens": {
					"version": "4.0.0",
					"resolved": "https://registry.npmjs.org/js-tokens/-/js-tokens-4.0.0.tgz",
					"integrity": "sha512-RdJUflcE3cUzKiMqQgsCu06FPu9UdIJO0beYbPhHN4k6apgJtifcoCtT9bcxOpYBtpD2kCM6Sbzg4CausW/PKQ=="
				},
				"loose-envify": {
					"version": "1.4.0",
					"resolved": "https://registry.npmjs.org/loose-envify/-/loose-envify-1.4.0.tgz",
					"integrity": "sha512-lyuxPGr/Wfhrlem2CL/UcnUc1zcqKAImBDzukY7Y5F/yQiNdko6+fRLevlw1HgMySw7f611UIY408EtxRSoK3Q==",
					"requires": {
						"js-tokens": "^3.0.0 || ^4.0.0"
					}
				},
				"object-assign": {
					"version": "4.1.1",
					"resolved": "https://registry.npmjs.org/object-assign/-/object-assign-4.1.1.tgz",
					"integrity": "sha1-IQmtx5ZYh8/AXLvUQsrIv7s2CGM="
				},
				"prop-types": {
					"version": "15.6.2",
					"resolved": "https://registry.npmjs.org/prop-types/-/prop-types-15.6.2.tgz",
					"integrity": "sha512-3pboPvLiWD7dkI3qf3KbUe6hKFKa52w+AE0VCqECtf+QHAKgOL37tTaNCnuX1nAAQ4ZhyP+kYVKf8rLmJ/feDQ==",
					"requires": {
						"loose-envify": "^1.3.1",
						"object-assign": "^4.1.1"
					}
				},
				"schedule": {
					"version": "0.4.0",
					"resolved": "https://registry.npmjs.org/schedule/-/schedule-0.4.0.tgz",
					"integrity": "sha512-hYjmoaEMojiMkWCxKr6ue+LYcZ29u29+AamWYmzwT2VOO9ws5UJp/wNhsVUPiUeNh+EdRfZm7nDeB40ffTfMhA==",
					"requires": {
						"object-assign": "^4.1.1"
					}
				}
			}
		}
	}
}
